
Microsoft Visual Studio Solution File, Format Version 12.00
# Visual Studio Version 16
VisualStudioVersion = 25.0.1703.2
MinimumVisualStudioVersion = 10.0.40219.1
Project("{FAE04EC0-301F-11D3-BF4B-00C04F79EFBC}") = "TiendaServicios.Api.Autor", "TiendaServicios.Api.Autor\TiendaServicios.Api.Autor.csproj", "{D96EC9B8-4454-446E-8EF3-1511C0B40F56}"
EndProject
Project("{FAE04EC0-301F-11D3-BF4B-00C04F79EFBC}") = "TiendaServicios.Api.Libro", "TiendaServicios.Api.Libro\TiendaServicios.Api.Libro.csproj", "{116812B0-FCA6-4B23-88F2-D9785058C790}"
EndProject
Project("{FAE04EC0-301F-11D3-BF4B-00C04F79EFBC}") = "TiendaServicios.Api.CarritoCompra", "TiendaServicios.Api.CarritoCompra\TiendaServicios.Api.CarritoCompra.csproj", "{C8BB5FD4-070A-4819-B342-B8961BBB66E6}"
EndProject
Global
	GlobalSection(SolutionConfigurationPlatforms) = preSolution
		Debug|Any CPU = Debug|Any CPU
		Release|Any CPU = Release|Any CPU
	EndGlobalSection
	GlobalSection(ProjectConfigurationPlatforms) = postSolution
		{D96EC9B8-4454-446E-8EF3-1511C0B40F56}.Debug|Any CPU.ActiveCfg = Debug|Any CPU
		{D96EC9B8-4454-446E-8EF3-1511C0B40F56}.Debug|Any CPU.Build.0 = Debug|Any CPU
		{D96EC9B8-4454-446E-8EF3-1511C0B40F56}.Release|Any CPU.ActiveCfg = Release|Any CPU
		{D96EC9B8-4454-446E-8EF3-1511C0B40F56}.Release|Any CPU.Build.0 = Release|Any CPU
		{116812B0-FCA6-4B23-88F2-D9785058C790}.Debug|Any CPU.ActiveCfg = Debug|Any CPU
		{116812B0-FCA6-4B23-88F2-D9785058C790}.Debug|Any CPU.Build.0 = Debug|Any CPU
		{116812B0-FCA6-4B23-88F2-D9785058C790}.Release|Any CPU.ActiveCfg = Release|Any CPU
		{116812B0-FCA6-4B23-88F2-D9785058C790}.Release|Any CPU.Build.0 = Release|Any CPU
		{C8BB5FD4-070A-4819-B342-B8961BBB66E6}.Debug|Any CPU.ActiveCfg = Debug|Any CPU
		{C8BB5FD4-070A-4819-B342-B8961BBB66E6}.Debug|Any CPU.Build.0 = Debug|Any CPU
		{C8BB5FD4-070A-4819-B342-B8961BBB66E6}.Release|Any CPU.ActiveCfg = Release|Any CPU
		{C8BB5FD4-070A-4819-B342-B8961BBB66E6}.Release|Any CPU.Build.0 = Release|Any CPU
	EndGlobalSection
	GlobalSection(SolutionProperties) = preSolution
		HideSolutionNode = FALSE
	EndGlobalSection
	GlobalSection(ExtensibilityGlobals) = postSolution
		SolutionGuid = {F7302FDC-D059-41A6-BB5A-C0EF06F981DC}
	EndGlobalSection
EndGlobal
