
Microsoft Visual Studio Solution File, Format Version 12.00
# Visual Studio Version 16
VisualStudioVersion = 25.0.1703.2
MinimumVisualStudioVersion = 10.0.40219.1
Project("{FAE04EC0-301F-11D3-BF4B-00C04F79EFBC}") = "TiendaServicios.Api.Autor", "TiendaServicios.Api.Autor.csproj", "{2321606E-FD4D-4FBC-9219-D1529D73AA8C}"
EndProject
Global
	GlobalSection(SolutionConfigurationPlatforms) = preSolution
		Debug|Any CPU = Debug|Any CPU
		Release|Any CPU = Release|Any CPU
	EndGlobalSection
	GlobalSection(ProjectConfigurationPlatforms) = postSolution
		{2321606E-FD4D-4FBC-9219-D1529D73AA8C}.Debug|Any CPU.ActiveCfg = Debug|Any CPU
		{2321606E-FD4D-4FBC-9219-D1529D73AA8C}.Debug|Any CPU.Build.0 = Debug|Any CPU
		{2321606E-FD4D-4FBC-9219-D1529D73AA8C}.Release|Any CPU.ActiveCfg = Release|Any CPU
		{2321606E-FD4D-4FBC-9219-D1529D73AA8C}.Release|Any CPU.Build.0 = Release|Any CPU
	EndGlobalSection
	GlobalSection(SolutionProperties) = preSolution
		HideSolutionNode = FALSE
	EndGlobalSection
	GlobalSection(ExtensibilityGlobals) = postSolution
		SolutionGuid = {DB524C30-D604-40FB-88E1-4674D8E2C259}
	EndGlobalSection
EndGlobal
